
Microsoft Visual Studio Solution File, Format Version 12.00
# Visual Studio Version 17
VisualStudioVersion = 17.2.32630.192
MinimumVisualStudioVersion = 10.0.40219.1
Project("{FAE04EC0-301F-11D3-BF4B-00C04F79EFBC}") = "CardboardBox.Epub", "CardboardBox.Epub\CardboardBox.Epub.csproj", "{911B168F-7F37-41A6-B677-C183996567C0}"
EndProject
Project("{FAE04EC0-301F-11D3-BF4B-00C04F79EFBC}") = "CardboardBox.Epub.Network", "CardboardBox.Epub.Network\CardboardBox.Epub.Network.csproj", "{4C0A718C-F085-4CAA-83DA-354B16E6E711}"
EndProject
Global
	GlobalSection(SolutionConfigurationPlatforms) = preSolution
		Debug|Any CPU = Debug|Any CPU
		Release|Any CPU = Release|Any CPU
	EndGlobalSection
	GlobalSection(ProjectConfigurationPlatforms) = postSolution
		{911B168F-7F37-41A6-B677-C183996567C0}.Debug|Any CPU.ActiveCfg = Debug|Any CPU
		{911B168F-7F37-41A6-B677-C183996567C0}.Debug|Any CPU.Build.0 = Debug|Any CPU
		{911B168F-7F37-41A6-B677-C183996567C0}.Release|Any CPU.ActiveCfg = Release|Any CPU
		{911B168F-7F37-41A6-B677-C183996567C0}.Release|Any CPU.Build.0 = Release|Any CPU
		{4C0A718C-F085-4CAA-83DA-354B16E6E711}.Debug|Any CPU.ActiveCfg = Debug|Any CPU
		{4C0A718C-F085-4CAA-83DA-354B16E6E711}.Debug|Any CPU.Build.0 = Debug|Any CPU
		{4C0A718C-F085-4CAA-83DA-354B16E6E711}.Release|Any CPU.ActiveCfg = Release|Any CPU
		{4C0A718C-F085-4CAA-83DA-354B16E6E711}.Release|Any CPU.Build.0 = Release|Any CPU
	EndGlobalSection
	GlobalSection(SolutionProperties) = preSolution
		HideSolutionNode = FALSE
	EndGlobalSection
	GlobalSection(ExtensibilityGlobals) = postSolution
		SolutionGuid = {BCD4D660-5F74-4F5F-A21D-843741210047}
	EndGlobalSection
EndGlobal
